// !$*UTF8*$!
{
	archiveVersion = 1;
	classes = {
	};
	objectVersion = 55;
	objects = {

/* Begin PBXBuildFile section */
		EB1D86B22844D8150018D145 /* BubbleLevel.swift in Sources */ = {isa = PBXBuildFile; fileRef = EB1D86B12844D8150018D145 /* BubbleLevel.swift */; };
		EB8D3111283FBF4D00F27C93 /* BubbleLevelApp.swift in Sources */ = {isa = PBXBuildFile; fileRef = EB8D3110283FBF4D00F27C93 /* BubbleLevelApp.swift */; };
		EB8D3115283FBF4E00F27C93 /* Assets.xcassets in Resources */ = {isa = PBXBuildFile; fileRef = EB8D3114283FBF4E00F27C93 /* Assets.xcassets */; };
		EB8D3118283FBF4E00F27C93 /* Preview Assets.xcassets in Resources */ = {isa = PBXBuildFile; fileRef = EB8D3117283FBF4E00F27C93 /* Preview Assets.xcassets */; };
		EB8D311F283FBFAC00F27C93 /* MotionDetector.swift in Sources */ = {isa = PBXBuildFile; fileRef = EB8D311E283FBFAC00F27C93 /* MotionDetector.swift */; };
		EB8D3125283FC14D00F27C93 /* DoubleExtension.swift in Sources */ = {isa = PBXBuildFile; fileRef = EB8D3124283FC14D00F27C93 /* DoubleExtension.swift */; };
		EB8D3127283FC18500F27C93 /* LevelView.swift in Sources */ = {isa = PBXBuildFile; fileRef = EB8D3126283FC18500F27C93 /* LevelView.swift */; };
		EB8D3129283FC1C800F27C93 /* OrientationDataView.swift in Sources */ = {isa = PBXBuildFile; fileRef = EB8D3128283FC1C800F27C93 /* OrientationDataView.swift */; };
		EBEBB81D284C98AE0006AC83 /* MapView.swift in Sources */ = {isa = PBXBuildFile; fileRef = EBEBB81C284C98AE0006AC83 /* MapView.swift */; };
/* End PBXBuildFile section */

/* Begin PBXFileReference section */
		EB1D86B12844D8150018D145 /* BubbleLevel.swift */ = {isa = PBXFileReference; fileEncoding = 4; lastKnownFileType = sourcecode.swift; path = BubbleLevel.swift; sourceTree = "<group>"; };
		EB8D310D283FBF4D00F27C93 /* BubbleLevel.app */ = {isa = PBXFileReference; explicitFileType = wrapper.application; includeInIndex = 0; path = BubbleLevel.app; sourceTree = BUILT_PRODUCTS_DIR; };
		EB8D3110283FBF4D00F27C93 /* BubbleLevelApp.swift */ = {isa = PBXFileReference; lastKnownFileType = sourcecode.swift; path = BubbleLevelApp.swift; sourceTree = "<group>"; };
		EB8D3114283FBF4E00F27C93 /* Assets.xcassets */ = {isa = PBXFileReference; lastKnownFileType = folder.assetcatalog; path = Assets.xcassets; sourceTree = "<group>"; };
		EB8D3117283FBF4E00F27C93 /* Preview Assets.xcassets */ = {isa = PBXFileReference; lastKnownFileType = folder.assetcatalog; path = "Preview Assets.xcassets"; sourceTree = "<group>"; };
		EB8D311E283FBFAC00F27C93 /* MotionDetector.swift */ = {isa = PBXFileReference; lastKnownFileType = sourcecode.swift; path = MotionDetector.swift; sourceTree = "<group>"; };
		EB8D3124283FC14D00F27C93 /* DoubleExtension.swift */ = {isa = PBXFileReference; lastKnownFileType = sourcecode.swift; path = DoubleExtension.swift; sourceTree = "<group>"; };
		EB8D3126283FC18500F27C93 /* LevelView.swift */ = {isa = PBXFileReference; lastKnownFileType = sourcecode.swift; path = LevelView.swift; sourceTree = "<group>"; };
		EB8D3128283FC1C800F27C93 /* OrientationDataView.swift */ = {isa = PBXFileReference; lastKnownFileType = sourcecode.swift; path = OrientationDataView.swift; sourceTree = "<group>"; };
		EBEBB81C284C98AE0006AC83 /* MapView.swift */ = {isa = PBXFileReference; fileEncoding = 4; lastKnownFileType = sourcecode.swift; path = MapView.swift; sourceTree = "<group>"; };
/* End PBXFileReference section */

/* Begin PBXFrameworksBuildPhase section */
		EB8D310A283FBF4D00F27C93 /* Frameworks */ = {
			isa = PBXFrameworksBuildPhase;
			buildActionMask = 2147483647;
			files = (
			);
			runOnlyForDeploymentPostprocessing = 0;
		};
/* End PBXFrameworksBuildPhase section */

/* Begin PBXGroup section */
		EB8D3104283FBF4D00F27C93 = {
			isa = PBXGroup;
			children = (
				EB8D310F283FBF4D00F27C93 /* BubbleLevel */,
				EB8D310E283FBF4D00F27C93 /* Products */,
			);
			sourceTree = "<group>";
		};
		EB8D310E283FBF4D00F27C93 /* Products */ = {
			isa = PBXGroup;
			children = (
				EB8D310D283FBF4D00F27C93 /* BubbleLevel.app */,
			);
			name = Products;
			sourceTree = "<group>";
		};
		EB8D310F283FBF4D00F27C93 /* BubbleLevel */ = {
			isa = PBXGroup;
			children = (
				EB1D86B12844D8150018D145 /* BubbleLevel.swift */,
				EB8D3110283FBF4D00F27C93 /* BubbleLevelApp.swift */,
				EB8D3124283FC14D00F27C93 /* DoubleExtension.swift */,
				EB8D3126283FC18500F27C93 /* LevelView.swift */,
				EB8D311E283FBFAC00F27C93 /* MotionDetector.swift */,
				EB8D3128283FC1C800F27C93 /* OrientationDataView.swift */,
				EBEBB81C284C98AE0006AC83 /* MapView.swift */,
				EB8D3114283FBF4E00F27C93 /* Assets.xcassets */,
				EB8D3116283FBF4E00F27C93 /* Preview Content */,
			);
			path = BubbleLevel;
			sourceTree = "<group>";
		};
		EB8D3116283FBF4E00F27C93 /* Preview Content */ = {
			isa = PBXGroup;
			children = (
				EB8D3117283FBF4E00F27C93 /* Preview Assets.xcassets */,
			);
			path = "Preview Content";
			sourceTree = "<group>";
		};
/* End PBXGroup section */

/* Begin PBXNativeTarget section */
		EB8D310C283FBF4D00F27C93 /* BubbleLevel */ = {
			isa = PBXNativeTarget;
			buildConfigurationList = EB8D311B283FBF4E00F27C93 /* Build configuration list for PBXNativeTarget "BubbleLevel" */;
			buildPhases = (
				EB8D3109283FBF4D00F27C93 /* Sources */,
				EB8D310A283FBF4D00F27C93 /* Frameworks */,
				EB8D310B283FBF4D00F27C93 /* Resources */,
			);
			buildRules = (
			);
			dependencies = (
			);
			name = BubbleLevel;
			productName = BubbleLevel;
			productReference = EB8D310D283FBF4D00F27C93 /* BubbleLevel.app */;
			productType = "com.apple.product-type.application";
		};
/* End PBXNativeTarget section */

/* Begin PBXProject section */
		EB8D3105283FBF4D00F27C93 /* Project object */ = {
			isa = PBXProject;
			attributes = {
				BuildIndependentTargetsInParallel = 1;
				LastSwiftUpdateCheck = 1320;
				LastUpgradeCheck = 1320;
				TargetAttributes = {
					EB8D310C283FBF4D00F27C93 = {
						CreatedOnToolsVersion = 13.2.1;
					};
				};
			};
			buildConfigurationList = EB8D3108283FBF4D00F27C93 /* Build configuration list for PBXProject "BubbleLevel" */;
			compatibilityVersion = "Xcode 13.0";
			developmentRegion = en;
			hasScannedForEncodings = 0;
			knownRegions = (
				en,
				Base,
			);
			mainGroup = EB8D3104283FBF4D00F27C93;
			productRefGroup = EB8D310E283FBF4D00F27C93 /* Products */;
			projectDirPath = "";
			projectRoot = "";
			targets = (
				EB8D310C283FBF4D00F27C93 /* BubbleLevel */,
			);
		};
/* End PBXProject section */

/* Begin PBXResourcesBuildPhase section */
		EB8D310B283FBF4D00F27C93 /* Resources */ = {
			isa = PBXResourcesBuildPhase;
			buildActionMask = 2147483647;
			files = (
				EB8D3118283FBF4E00F27C93 /* Preview Assets.xcassets in Resources */,
				EB8D3115283FBF4E00F27C93 /* Assets.xcassets in Resources */,
			);
			runOnlyForDeploymentPostprocessing = 0;
		};
/* End PBXResourcesBuildPhase section */

/* Begin PBXSourcesBuildPhase section */
		EB8D3109283FBF4D00F27C93 /* Sources */ = {
			isa = PBXSourcesBuildPhase;
			buildActionMask = 2147483647;
			files = (
				EBEBB81D284C98AE0006AC83 /* MapView.swift in Sources */,
				EB8D3127283FC18500F27C93 /* LevelView.swift in Sources */,
				EB8D3125283FC14D00F27C93 /* DoubleExtension.swift in Sources */,
				EB1D86B22844D8150018D145 /* BubbleLevel.swift in Sources */,
				EB8D3111283FBF4D00F27C93 /* BubbleLevelApp.swift in Sources */,
				EB8D3129283FC1C800F27C93 /* OrientationDataView.swift in Sources */,
				EB8D311F283FBFAC00F27C93 /* MotionDetector.swift in Sources */,
			);
			runOnlyForDeploymentPostprocessing = 0;
		};
/* End PBXSourcesBuildPhase section */

/* Begin XCBuildConfiguration section */
		EB8D3119283FBF4E00F27C93 /* Debug */ = {
			isa = XCBuildConfiguration;
			buildSettings = {
				ALWAYS_SEARCH_USER_PATHS = NO;
				CLANG_ANALYZER_NONNULL = YES;
				CLANG_ANALYZER_NUMBER_OBJECT_CONVERSION = YES_AGGRESSIVE;
				CLANG_CXX_LANGUAGE_STANDARD = "gnu++17";
				CLANG_CXX_LIBRARY = "libc++";
				CLANG_ENABLE_MODULES = YES;
				CLANG_ENABLE_OBJC_ARC = YES;
				CLANG_ENABLE_OBJC_WEAK = YES;
				CLANG_WARN_BLOCK_CAPTURE_AUTORELEASING = YES;
				CLANG_WARN_BOOL_CONVERSION = YES;
				CLANG_WARN_COMMA = YES;
				CLANG_WARN_CONSTANT_CONVERSION = YES;
				CLANG_WARN_DEPRECATED_OBJC_IMPLEMENTATIONS = YES;
				CLANG_WARN_DIRECT_OBJC_ISA_USAGE = YES_ERROR;
				CLANG_WARN_DOCUMENTATION_COMMENTS = YES;
				CLANG_WARN_EMPTY_BODY = YES;
				CLANG_WARN_ENUM_CONVERSION = YES;
				CLANG_WARN_INFINITE_RECURSION = YES;
				CLANG_WARN_INT_CONVERSION = YES;
				CLANG_WARN_NON_LITERAL_NULL_CONVERSION = YES;
				CLANG_WARN_OBJC_IMPLICIT_RETAIN_SELF = YES;
				CLANG_WARN_OBJC_LITERAL_CONVERSION = YES;
				CLANG_WARN_OBJC_ROOT_CLASS = YES_ERROR;
				CLANG_WARN_QUOTED_INCLUDE_IN_FRAMEWORK_HEADER = YES;
				CLANG_WARN_RANGE_LOOP_ANALYSIS = YES;
				CLANG_WARN_STRICT_PROTOTYPES = YES;
				CLANG_WARN_SUSPICIOUS_MOVE = YES;
				CLANG_WARN_UNGUARDED_AVAILABILITY = YES_AGGRESSIVE;
				CLANG_WARN_UNREACHABLE_CODE = YES;
				CLANG_WARN__DUPLICATE_METHOD_MATCH = YES;
				COPY_PHASE_STRIP = NO;
				DEBUG_INFORMATION_FORMAT = dwarf;
				ENABLE_STRICT_OBJC_MSGSEND = YES;
				ENABLE_TESTABILITY = YES;
				GCC_C_LANGUAGE_STANDARD = gnu11;
				GCC_DYNAMIC_NO_PIC = NO;
				GCC_NO_COMMON_BLOCKS = YES;
				GCC_OPTIMIZATION_LEVEL = 0;
				GCC_PREPROCESSOR_DEFINITIONS = (
					"DEBUG=1",
					"$(inherited)",
				);
				GCC_WARN_64_TO_32_BIT_CONVERSION = YES;
				GCC_WARN_ABOUT_RETURN_TYPE = YES_ERROR;
				GCC_WARN_UNDECLARED_SELECTOR = YES;
				GCC_WARN_UNINITIALIZED_AUTOS = YES_AGGRESSIVE;
				GCC_WARN_UNUSED_FUNCTION = YES;
				GCC_WARN_UNUSED_VARIABLE = YES;
				IPHONEOS_DEPLOYMENT_TARGET = 15.0;
				MTL_ENABLE_DEBUG_INFO = INCLUDE_SOURCE;
				MTL_FAST_MATH = YES;
				ONLY_ACTIVE_ARCH = YES;
				SDKROOT = iphoneos;
				SWIFT_ACTIVE_COMPILATION_CONDITIONS = DEBUG;
				SWIFT_OPTIMIZATION_LEVEL = "-Onone";
			};
			name = Debug;
		};
		EB8D311A283FBF4E00F27C93 /* Release */ = {
			isa = XCBuildConfiguration;
			buildSettings = {
				ALWAYS_SEARCH_USER_PATHS = NO;
				CLANG_ANALYZER_NONNULL = YES;
				CLANG_ANALYZER_NUMBER_OBJECT_CONVERSION = YES_AGGRESSIVE;
				CLANG_CXX_LANGUAGE_STANDARD = "gnu++17";
				CLANG_CXX_LIBRARY = "libc++";
				CLANG_ENABLE_MODULES = YES;
				CLANG_ENABLE_OBJC_ARC = YES;
				CLANG_ENABLE_OBJC_WEAK = YES;
				CLANG_WARN_BLOCK_CAPTURE_AUTORELEASING = YES;
				CLANG_WARN_BOOL_CONVERSION = YES;
				CLANG_WARN_COMMA = YES;
				CLANG_WARN_CONSTANT_CONVERSION = YES;
				CLANG_WARN_DEPRECATED_OBJC_IMPLEMENTATIONS = YES;
				CLANG_WARN_DIRECT_OBJC_ISA_USAGE = YES_ERROR;
				CLANG_WARN_DOCUMENTATION_COMMENTS = YES;
				CLANG_WARN_EMPTY_BODY = YES;
				CLANG_WARN_ENUM_CONVERSION = YES;
				CLANG_WARN_INFINITE_RECURSION = YES;
				CLANG_WARN_INT_CONVERSION = YES;
				CLANG_WARN_NON_LITERAL_NULL_CONVERSION = YES;
				CLANG_WARN_OBJC_IMPLICIT_RETAIN_SELF = YES;
				CLANG_WARN_OBJC_LITERAL_CONVERSION = YES;
				CLANG_WARN_OBJC_ROOT_CLASS = YES_ERROR;
				CLANG_WARN_QUOTED_INCLUDE_IN_FRAMEWORK_HEADER = YES;
				CLANG_WARN_RANGE_LOOP_ANALYSIS = YES;
				CLANG_WARN_STRICT_PROTOTYPES = YES;
				CLANG_WARN_SUSPICIOUS_MOVE = YES;
				CLANG_WARN_UNGUARDED_AVAILABILITY = YES_AGGRESSIVE;
				CLANG_WARN_UNREACHABLE_CODE = YES;
				CLANG_WARN__DUPLICATE_METHOD_MATCH = YES;
				COPY_PHASE_STRIP = NO;
				DEBUG_INFORMATION_FORMAT = "dwarf-with-dsym";
				ENABLE_NS_ASSERTIONS = NO;
				ENABLE_STRICT_OBJC_MSGSEND = YES;
				GCC_C_LANGUAGE_STANDARD = gnu11;
				GCC_NO_COMMON_BLOCKS = YES;
				GCC_WARN_64_TO_32_BIT_CONVERSION = YES;
				GCC_WARN_ABOUT_RETURN_TYPE = YES_ERROR;
				GCC_WARN_UNDECLARED_SELECTOR = YES;
				GCC_WARN_UNINITIALIZED_AUTOS = YES_AGGRESSIVE;
				GCC_WARN_UNUSED_FUNCTION = YES;
				GCC_WARN_UNUSED_VARIABLE = YES;
				IPHONEOS_DEPLOYMENT_TARGET = 15.0;
				MTL_ENABLE_DEBUG_INFO = NO;
				MTL_FAST_MATH = YES;
				SDKROOT = iphoneos;
				SWIFT_COMPILATION_MODE = wholemodule;
				SWIFT_OPTIMIZATION_LEVEL = "-O";
				VALIDATE_PRODUCT = YES;
			};
			name = Release;
		};
		EB8D311C283FBF4E00F27C93 /* Debug */ = {
			isa = XCBuildConfiguration;
			buildSettings = {
				ASSETCATALOG_COMPILER_APPICON_NAME = AppIcon;
				ASSETCATALOG_COMPILER_GLOBAL_ACCENT_COLOR_NAME = AccentColor;
				CODE_SIGN_STYLE = Automatic;
				CURRENT_PROJECT_VERSION = 1;
				DEVELOPMENT_ASSET_PATHS = "\"BubbleLevel/Preview Content\"";
				DEVELOPMENT_TEAM = EYSYK49KTW;
				ENABLE_PREVIEWS = YES;
				GENERATE_INFOPLIST_FILE = YES;
				INFOPLIST_KEY_UIApplicationSceneManifest_Generation = YES;
				INFOPLIST_KEY_UIApplicationSupportsIndirectInputEvents = YES;
				INFOPLIST_KEY_UILaunchScreen_Generation = YES;
				INFOPLIST_KEY_UISupportedInterfaceOrientations = "UIInterfaceOrientationPortrait UIInterfaceOrientationPortraitUpsideDown";
				INFOPLIST_KEY_UISupportedInterfaceOrientations_iPad = "UIInterfaceOrientationPortrait UIInterfaceOrientationPortraitUpsideDown UIInterfaceOrientationLandscapeLeft UIInterfaceOrientationLandscapeRight";
				INFOPLIST_KEY_UISupportedInterfaceOrientations_iPhone = "UIInterfaceOrientationPortrait UIInterfaceOrientationLandscapeLeft UIInterfaceOrientationLandscapeRight";
				IPHONEOS_DEPLOYMENT_TARGET = 15.0;
				LD_RUNPATH_SEARCH_PATHS = (
					"$(inherited)",
					"@executable_path/Frameworks",
				);
				MARKETING_VERSION = 1.0;
				PRODUCT_BUNDLE_IDENTIFIER = jp.tkki.BubbleLevel;
				PRODUCT_NAME = "$(TARGET_NAME)";
				SWIFT_EMIT_LOC_STRINGS = YES;
				SWIFT_VERSION = 5.0;
				TARGETED_DEVICE_FAMILY = "1,2";
			};
			name = Debug;
		};
		EB8D311D283FBF4E00F27C93 /* Release */ = {
			isa = XCBuildConfiguration;
			buildSettings = {
				ASSETCATALOG_COMPILER_APPICON_NAME = AppIcon;
				ASSETCATALOG_COMPILER_GLOBAL_ACCENT_COLOR_NAME = AccentColor;
				CODE_SIGN_STYLE = Automatic;
				CURRENT_PROJECT_VERSION = 1;
				DEVELOPMENT_ASSET_PATHS = "\"BubbleLevel/Preview Content\"";
				DEVELOPMENT_TEAM = EYSYK49KTW;
				ENABLE_PREVIEWS = YES;
				GENERATE_INFOPLIST_FILE = YES;
				INFOPLIST_KEY_UIApplicationSceneManifest_Generation = YES;
				INFOPLIST_KEY_UIApplicationSupportsIndirectInputEvents = YES;
				INFOPLIST_KEY_UILaunchScreen_Generation = YES;
				INFOPLIST_KEY_UISupportedInterfaceOrientations = "UIInterfaceOrientationPortrait UIInterfaceOrientationPortraitUpsideDown";
				INFOPLIST_KEY_UISupportedInterfaceOrientations_iPad = "UIInterfaceOrientationPortrait UIInterfaceOrientationPortraitUpsideDown UIInterfaceOrientationLandscapeLeft UIInterfaceOrientationLandscapeRight";
				INFOPLIST_KEY_UISupportedInterfaceOrientations_iPhone = "UIInterfaceOrientationPortrait UIInterfaceOrientationLandscapeLeft UIInterfaceOrientationLandscapeRight";
				IPHONEOS_DEPLOYMENT_TARGET = 15.0;
				LD_RUNPATH_SEARCH_PATHS = (
					"$(inherited)",
					"@executable_path/Frameworks",
				);
				MARKETING_VERSION = 1.0;
				PRODUCT_BUNDLE_IDENTIFIER = jp.tkki.BubbleLevel;
				PRODUCT_NAME = "$(TARGET_NAME)";
				SWIFT_EMIT_LOC_STRINGS = YES;
				SWIFT_VERSION = 5.0;
				TARGETED_DEVICE_FAMILY = "1,2";
			};
			name = Release;
		};
/* End XCBuildConfiguration section */

/* Begin XCConfigurationList section */
		EB8D3108283FBF4D00F27C93 /* Build configuration list for PBXProject "BubbleLevel" */ = {
			isa = XCConfigurationList;
			buildConfigurations = (
				EB8D3119283FBF4E00F27C93 /* Debug */,
				EB8D311A283FBF4E00F27C93 /* Release */,
			);
			defaultConfigurationIsVisible = 0;
			defaultConfigurationName = Release;
		};
		EB8D311B283FBF4E00F27C93 /* Build configuration list for PBXNativeTarget "BubbleLevel" */ = {
			isa = XCConfigurationList;
			buildConfigurations = (
				EB8D311C283FBF4E00F27C93 /* Debug */,
				EB8D311D283FBF4E00F27C93 /* Release */,
			);
			defaultConfigurationIsVisible = 0;
			defaultConfigurationName = Release;
		};
/* End XCConfigurationList section */
	};
	rootObject = EB8D3105283FBF4D00F27C93 /* Project object */;
}
